{
    "_readme": [
        "This file locks the dependencies of your project to a known state",
        "Read more about it at http://getcomposer.org/doc/01-basic-usage.md#composer-lock-the-lock-file"
    ],
    "hash": "da2fab987474c22e314d7d52b51cbc86",
    "packages": [
        {
            "name": "chrisnharvey/oauth",
            "version": "dev-dukt.videos",
            "source": {
                "type": "git",
                "url": "https://github.com/dukt/oauth.git",
                "reference": "3fef9acd98d83f4d75ef9d3dfab72e36484b404b"
            },
            "dist": {
                "type": "zip",
                "url": "https://api.github.com/repos/dukt/oauth/zipball/3fef9acd98d83f4d75ef9d3dfab72e36484b404b",
                "reference": "3fef9acd98d83f4d75ef9d3dfab72e36484b404b",
                "shasum": ""
            },
            "require": {
                "guzzle/guzzle": "3.3.*",
                "php": ">=5.3.0"
            },
            "require-dev": {
                "mockery/mockery": "0.7.*",
                "phpunit/phpunit": "3.7.*"
            },
            "type": "library",
            "autoload": {
                "psr-0": {
                    "OAuth": "src"
                }
            },
            "license": [
                "dbad-license"
            ],
            "authors": [
                {
                    "name": "Chris Harvey",
                    "email": "chris@chrisnharvey.com"
                }
            ],
            "description": "Authorize users in your application with multiple OAuth 1.0 and OAuth 2.0 providers",
            "keywords": [
                "authentication",
                "authorization",
                "facebook",
                "google",
                "oauth",
                "providers",
                "twitter"
            ],
            "support": {
                "source": "https://github.com/dukt/oauth/tree/dukt.videos"
            },
            "time": "2013-04-12 23:59:32"
        },
        {
            "name": "dukt/videos",
            "version": "dev-master",
            "source": {
                "type": "git",
                "url": "https://github.com/dukt/videos.git",
                "reference": "1b98bfd4448e8ece46823be6f5aa1227ca82d308"
            },
            "dist": {
                "type": "zip",
                "url": "https://api.github.com/repos/dukt/videos/zipball/1b98bfd4448e8ece46823be6f5aa1227ca82d308",
                "reference": "1b98bfd4448e8ece46823be6f5aa1227ca82d308",
                "shasum": ""
            },
            "require": {
                "chrisnharvey/oauth": "dev-dukt.videos",
                "dukt/vimeo": "dev-master",
                "guzzle/http": ">=3.0,<4.0",
                "php": ">=5.3.2",
                "symfony/finder": "2.2.*@dev",
                "symfony/http-foundation": ">=2.1,<3.0"
            },
            "require-dev": {
                "phpunit/phpunit": ">=3.7.16.0,<3.8",
                "silex/silex": "1.0.*@dev",
                "twig/twig": ">=1.12.0,<2.0"
            },
            "type": "library",
            "autoload": {
                "psr-0": {
                    "Dukt\\Videos": "src/"
                }
            },
            "notification-url": "https://packagist.org/downloads/",
            "license": [
                "MIT"
            ],
            "authors": [
                {
                    "name": "Benjamin David",
                    "email": "ben@dukt.net"
                }
            ],
            "description": "Dukt Videos",
            "homepage": "https://github.com/dukt/videos",
            "keywords": [
                "video",
                "videos",
                "vimeo",
                "youtube"
            ],
            "time": "2013-05-14 23:44:25"
        },
        {
            "name": "dukt/vimeo",
            "version": "dev-master",
            "source": {
                "type": "git",
                "url": "https://github.com/dukt/vimeo.git",
                "reference": "1.0.4"
            },
            "dist": {
                "type": "zip",
                "url": "https://api.github.com/repos/dukt/vimeo/zipball/1.0.4",
                "reference": "1.0.4",
                "shasum": ""
            },
            "require": {
                "php": ">=5.3.2"
            },
            "require-dev": {
                "phpunit/phpunit": "~3.7.16",
                "squizlabs/php_codesniffer": "~1.4.4"
            },
            "type": "library",
            "autoload": {
                "psr-0": {
                    "Dukt\\Vimeo": "src/"
                }
            },
            "license": [
                "MIT"
            ],
            "authors": [
                {
                    "name": "Benjamin David",
                    "email": "ben@dukt.net"
                }
            ],
            "description": "Composer wrapper for Vimeo PHP library",
            "homepage": "https://github.com/dukt/vimeo",
            "keywords": [
                "video",
                "videos",
                "vimeo",
                "youtube"
            ],
            "support": {
                "source": "https://github.com/dukt/vimeo/tree/1.0.4",
                "issues": "https://github.com/dukt/vimeo/issues"
            },
            "time": "2013-04-06 00:27:03"
        },
        {
            "name": "guzzle/guzzle",
            "version": "v3.3.1",
            "source": {
                "type": "git",
                "url": "https://github.com/guzzle/guzzle.git",
                "reference": "v3.3.1"
            },
            "dist": {
                "type": "zip",
                "url": "https://api.github.com/repos/guzzle/guzzle/zipball/v3.3.1",
                "reference": "v3.3.1",
                "shasum": ""
            },
            "require": {
                "ext-curl": "*",
                "php": ">=5.3.2",
                "symfony/event-dispatcher": ">=2.1"
            },
            "replace": {
                "guzzle/batch": "self.version",
                "guzzle/cache": "self.version",
                "guzzle/common": "self.version",
                "guzzle/http": "self.version",
                "guzzle/inflection": "self.version",
                "guzzle/iterator": "self.version",
                "guzzle/log": "self.version",
                "guzzle/parser": "self.version",
                "guzzle/plugin": "self.version",
                "guzzle/plugin-async": "self.version",
                "guzzle/plugin-backoff": "self.version",
                "guzzle/plugin-cache": "self.version",
                "guzzle/plugin-cookie": "self.version",
                "guzzle/plugin-curlauth": "self.version",
                "guzzle/plugin-error-response": "self.version",
                "guzzle/plugin-history": "self.version",
                "guzzle/plugin-log": "self.version",
                "guzzle/plugin-md5": "self.version",
                "guzzle/plugin-mock": "self.version",
                "guzzle/plugin-oauth": "self.version",
                "guzzle/service": "self.version",
                "guzzle/stream": "self.version"
            },
            "require-dev": {
                "doctrine/cache": "*",
                "monolog/monolog": "1.*",
                "phpunit/phpunit": "3.7.*",
                "symfony/class-loader": "*",
                "zend/zend-cache1": "1.12",
                "zend/zend-log1": "1.12",
                "zendframework/zend-cache": "2.0.*",
                "zendframework/zend-log": "2.0.*"
            },
            "type": "library",
            "extra": {
                "branch-alias": {
                    "dev-master": "3.3-dev"
                }
            },
            "autoload": {
                "psr-0": {
                    "Guzzle\\Tests": "tests/",
                    "Guzzle": "src/"
                }
            },
            "notification-url": "https://packagist.org/downloads/",
            "license": [
                "MIT"
            ],
            "authors": [
                {
                    "name": "Michael Dowling",
                    "email": "mtdowling@gmail.com",
                    "homepage": "https://github.com/mtdowling"
                },
                {
                    "name": "Guzzle Community",
                    "homepage": "https://github.com/guzzle/guzzle/contributors"
                }
            ],
            "description": "Guzzle is a PHP HTTP client library and framework for building RESTful web service clients",
            "homepage": "http://guzzlephp.org/",
            "keywords": [
                "client",
                "curl",
                "framework",
                "http",
                "http client",
                "rest",
                "web service"
            ],
            "time": "2013-03-10 23:05:38"
        },
        {
            "name": "symfony/event-dispatcher",
            "version": "v2.3.0",
            "target-dir": "Symfony/Component/EventDispatcher",
            "source": {
                "type": "git",
                "url": "https://github.com/symfony/EventDispatcher.git",
                "reference": "v2.3.0-RC1"
            },
            "dist": {
                "type": "zip",
                "url": "https://api.github.com/repos/symfony/EventDispatcher/zipball/v2.3.0-RC1",
                "reference": "v2.3.0-RC1",
                "shasum": ""
            },
            "require": {
                "php": ">=5.3.3"
            },
            "require-dev": {
                "symfony/dependency-injection": ">=2.0,<3.0"
            },
            "suggest": {
                "symfony/dependency-injection": "",
                "symfony/http-kernel": ""
            },
            "type": "library",
            "extra": {
                "branch-alias": {
                    "dev-master": "2.3-dev"
                }
            },
            "autoload": {
                "psr-0": {
                    "Symfony\\Component\\EventDispatcher\\": ""
                }
            },
            "notification-url": "https://packagist.org/downloads/",
            "license": [
                "MIT"
            ],
            "authors": [
                {
                    "name": "Fabien Potencier",
                    "email": "fabien@symfony.com"
                },
                {
                    "name": "Symfony Community",
                    "homepage": "http://symfony.com/contributors"
                }
            ],
            "description": "Symfony EventDispatcher Component",
            "homepage": "http://symfony.com",
            "time": "2013-05-13 14:36:40"
        },
        {
            "name": "symfony/finder",
            "version": "v2.2.2",
            "target-dir": "Symfony/Component/Finder",
            "source": {
                "type": "git",
                "url": "https://github.com/symfony/Finder.git",
                "reference": "v2.2.2"
            },
            "dist": {
                "type": "zip",
                "url": "https://api.github.com/repos/symfony/Finder/zipball/v2.2.2",
                "reference": "v2.2.2",
                "shasum": ""
            },
            "require": {
                "php": ">=5.3.3"
            },
            "type": "library",
            "extra": {
                "branch-alias": {
                    "dev-master": "2.2-dev"
                }
            },
            "autoload": {
                "psr-0": {
                    "Symfony\\Component\\Finder\\": ""
                }
            },
            "notification-url": "https://packagist.org/downloads/",
            "license": [
                "MIT"
            ],
            "authors": [
                {
                    "name": "Fabien Potencier",
                    "email": "fabien@symfony.com"
                },
                {
                    "name": "Symfony Community",
                    "homepage": "http://symfony.com/contributors"
                }
            ],
            "description": "Symfony Finder Component",
            "homepage": "http://symfony.com",
            "time": "2013-05-27 20:26:32"
        },
        {
            "name": "symfony/http-foundation",
            "version": "v2.3.0",
            "target-dir": "Symfony/Component/HttpFoundation",
            "source": {
                "type": "git",
                "url": "https://github.com/symfony/HttpFoundation.git",
                "reference": "v2.3.0-RC1"
            },
            "dist": {
                "type": "zip",
                "url": "https://api.github.com/repos/symfony/HttpFoundation/zipball/v2.3.0-RC1",
                "reference": "v2.3.0-RC1",
                "shasum": ""
            },
            "require": {
                "php": ">=5.3.3"
            },
            "type": "library",
            "extra": {
                "branch-alias": {
                    "dev-master": "2.3-dev"
                }
            },
            "autoload": {
                "psr-0": {
                    "Symfony\\Component\\HttpFoundation\\": ""
                },
                "classmap": [
                    "Symfony/Component/HttpFoundation/Resources/stubs"
                ]
            },
            "notification-url": "https://packagist.org/downloads/",
            "license": [
                "MIT"
            ],
            "authors": [
                {
                    "name": "Fabien Potencier",
                    "email": "fabien@symfony.com"
                },
                {
                    "name": "Symfony Community",
                    "homepage": "http://symfony.com/contributors"
                }
            ],
            "description": "Symfony HttpFoundation Component",
            "homepage": "http://symfony.com",
            "time": "2013-05-10 06:00:03"
        }
    ],
    "packages-dev": [

    ],
    "aliases": [

    ],
    "minimum-stability": "stable",
    "stability-flags": {
        "dukt/videos": 20,
        "dukt/vimeo": 20,
        "chrisnharvey/oauth": 20
    },
    "platform": {
        "php": ">=5.3.2"
    },
    "platform-dev": [

    ]
}
